{
  "name": "no-eu",
  "version": "0.0.1",
  "lockfileVersion": 1,
  "requires": true,
  "dependencies": {
    "big-integer": {
      "version": "1.6.31",
      "resolved": "https://registry.npmjs.org/big-integer/-/big-integer-1.6.31.tgz",
      "integrity": "sha512-lDbZNHHwxDKnjP7LWg2leO+tjs4SyVs2Z83dsR1Idbe2urRnxZAUdeQ8YBhHaGaWK/4WM3mz+RlbZsgqck17CA=="
    },
    "geolite2": {
      "version": "1.3.0",
      "resolved": "https://registry.npmjs.org/geolite2/-/geolite2-1.3.0.tgz",
      "integrity": "sha512-/m+vdLjYEZ3ScekuGNDdO/HaJi32vZ/hKh20HgEoeV5z1DzlT18FF39Mfin1wTlF4EtYyNgcUg5kaBaMCfwAhQ=="
    },
    "ipware": {
      "version": "1.0.0",
      "resolved": "https://registry.npmjs.org/ipware/-/ipware-1.0.0.tgz",
      "integrity": "sha1-4/UyCWPQrocur0eNY+yzbwTATJk="
    },
    "maxmind": {
      "version": "2.7.0",
      "resolved": "https://registry.npmjs.org/maxmind/-/maxmind-2.7.0.tgz",
      "integrity": "sha512-blmBnRbEkYBGz+7kxNQzuYUwyMyJ5PYGhrMYe6RXmMSBxZXe2665INgNP5/8WuYdWnDJ1Z8osC/LVKdsbT2fnQ==",
      "requires": {
        "big-integer": "^1.6.31",
        "tiny-lru": "^1.6.1"
      }
    },
    "tiny-lru": {
      "version": "1.6.1",
      "resolved": "https://registry.npmjs.org/tiny-lru/-/tiny-lru-1.6.1.tgz",
      "integrity": "sha512-m8oyPnHjnQlbDk8+MCw33qRMp6+BxPxoayN9C743VToeyQ5zZV6F6vkklrYVEI0z9MQ3+jmc+22tKmvPg4gmoA=="
    }
  }
}
